// !$*UTF8*$!
{
	archiveVersion = 1;
	classes = {
	};
	objectVersion = 50;
	objects = {

/* Begin PBXBuildFile section */
		013BE7992598C07E002025F1 /* Tests_iOS.swift in Sources */ = {isa = PBXBuildFile; fileRef = 013BE7982598C07E002025F1 /* Tests_iOS.swift */; };
		013BE7A42598C07E002025F1 /* Tests_macOS.swift in Sources */ = {isa = PBXBuildFile; fileRef = 013BE7A32598C07E002025F1 /* Tests_macOS.swift */; };
		013BE7A62598C07E002025F1 /* FoodTrackerApp.swift in Sources */ = {isa = PBXBuildFile; fileRef = 013BE77D2598C07D002025F1 /* FoodTrackerApp.swift */; };
		013BE7A72598C07E002025F1 /* FoodTrackerApp.swift in Sources */ = {isa = PBXBuildFile; fileRef = 013BE77D2598C07D002025F1 /* FoodTrackerApp.swift */; };
		013BE7A82598C07E002025F1 /* ContentView.swift in Sources */ = {isa = PBXBuildFile; fileRef = 013BE77E2598C07D002025F1 /* ContentView.swift */; };
		013BE7A92598C07E002025F1 /* ContentView.swift in Sources */ = {isa = PBXBuildFile; fileRef = 013BE77E2598C07D002025F1 /* ContentView.swift */; };
		013BE7AA2598C07E002025F1 /* Assets.xcassets in Resources */ = {isa = PBXBuildFile; fileRef = 013BE77F2598C07E002025F1 /* Assets.xcassets */; };
		013BE7AB2598C07E002025F1 /* Assets.xcassets in Resources */ = {isa = PBXBuildFile; fileRef = 013BE77F2598C07E002025F1 /* Assets.xcassets */; };
/* End PBXBuildFile section */

/* Begin PBXContainerItemProxy section */
		013BE7952598C07E002025F1 /* PBXContainerItemProxy */ = {
			isa = PBXContainerItemProxy;
			containerPortal = 013BE7782598C07D002025F1 /* Project object */;
			proxyType = 1;
			remoteGlobalIDString = 013BE7832598C07E002025F1;
			remoteInfo = "FoodTracker (iOS)";
		};
		013BE7A02598C07E002025F1 /* PBXContainerItemProxy */ = {
			isa = PBXContainerItemProxy;
			containerPortal = 013BE7782598C07D002025F1 /* Project object */;
			proxyType = 1;
			remoteGlobalIDString = 013BE78B2598C07E002025F1;
			remoteInfo = "FoodTracker (macOS)";
		};
/* End PBXContainerItemProxy section */

/* Begin PBXFileReference section */
		013BE77D2598C07D002025F1 /* FoodTrackerApp.swift */ = {isa = PBXFileReference; lastKnownFileType = sourcecode.swift; path = FoodTrackerApp.swift; sourceTree = "<group>"; };
		013BE77E2598C07D002025F1 /* ContentView.swift */ = {isa = PBXFileReference; lastKnownFileType = sourcecode.swift; path = ContentView.swift; sourceTree = "<group>"; };
		013BE77F2598C07E002025F1 /* Assets.xcassets */ = {isa = PBXFileReference; lastKnownFileType = folder.assetcatalog; path = Assets.xcassets; sourceTree = "<group>"; };
		013BE7842598C07E002025F1 /* FoodTracker.app */ = {isa = PBXFileReference; explicitFileType = wrapper.application; includeInIndex = 0; path = FoodTracker.app; sourceTree = BUILT_PRODUCTS_DIR; };
		013BE7872598C07E002025F1 /* Info.plist */ = {isa = PBXFileReference; lastKnownFileType = text.plist.xml; path = Info.plist; sourceTree = "<group>"; };
		013BE78C2598C07E002025F1 /* FoodTracker.app */ = {isa = PBXFileReference; explicitFileType = wrapper.application; includeInIndex = 0; path = FoodTracker.app; sourceTree = BUILT_PRODUCTS_DIR; };
		013BE78E2598C07E002025F1 /* Info.plist */ = {isa = PBXFileReference; lastKnownFileType = text.plist.xml; path = Info.plist; sourceTree = "<group>"; };
		013BE78F2598C07E002025F1 /* macOS.entitlements */ = {isa = PBXFileReference; lastKnownFileType = text.plist.entitlements; path = macOS.entitlements; sourceTree = "<group>"; };
		013BE7942598C07E002025F1 /* Tests iOS.xctest */ = {isa = PBXFileReference; explicitFileType = wrapper.cfbundle; includeInIndex = 0; path = "Tests iOS.xctest"; sourceTree = BUILT_PRODUCTS_DIR; };
		013BE7982598C07E002025F1 /* Tests_iOS.swift */ = {isa = PBXFileReference; lastKnownFileType = sourcecode.swift; path = Tests_iOS.swift; sourceTree = "<group>"; };
		013BE79A2598C07E002025F1 /* Info.plist */ = {isa = PBXFileReference; lastKnownFileType = text.plist.xml; path = Info.plist; sourceTree = "<group>"; };
		013BE79F2598C07E002025F1 /* Tests macOS.xctest */ = {isa = PBXFileReference; explicitFileType = wrapper.cfbundle; includeInIndex = 0; path = "Tests macOS.xctest"; sourceTree = BUILT_PRODUCTS_DIR; };
		013BE7A32598C07E002025F1 /* Tests_macOS.swift */ = {isa = PBXFileReference; lastKnownFileType = sourcecode.swift; path = Tests_macOS.swift; sourceTree = "<group>"; };
		013BE7A52598C07E002025F1 /* Info.plist */ = {isa = PBXFileReference; lastKnownFileType = text.plist.xml; path = Info.plist; sourceTree = "<group>"; };
/* End PBXFileReference section */

/* Begin PBXFrameworksBuildPhase section */
		013BE7812598C07E002025F1 /* Frameworks */ = {
			isa = PBXFrameworksBuildPhase;
			buildActionMask = 2147483647;
			files = (
			);
			runOnlyForDeploymentPostprocessing = 0;
		};
		013BE7892598C07E002025F1 /* Frameworks */ = {
			isa = PBXFrameworksBuildPhase;
			buildActionMask = 2147483647;
			files = (
			);
			runOnlyForDeploymentPostprocessing = 0;
		};
		013BE7912598C07E002025F1 /* Frameworks */ = {
			isa = PBXFrameworksBuildPhase;
			buildActionMask = 2147483647;
			files = (
			);
			runOnlyForDeploymentPostprocessing = 0;
		};
		013BE79C2598C07E002025F1 /* Frameworks */ = {
			isa = PBXFrameworksBuildPhase;
			buildActionMask = 2147483647;
			files = (
			);
			runOnlyForDeploymentPostprocessing = 0;
		};
/* End PBXFrameworksBuildPhase section */

/* Begin PBXGroup section */
		013BE7772598C07D002025F1 = {
			isa = PBXGroup;
			children = (
				013BE77C2598C07D002025F1 /* Shared */,
				013BE7862598C07E002025F1 /* iOS */,
				013BE78D2598C07E002025F1 /* macOS */,
				013BE7972598C07E002025F1 /* Tests iOS */,
				013BE7A22598C07E002025F1 /* Tests macOS */,
				013BE7852598C07E002025F1 /* Products */,
			);
			sourceTree = "<group>";
		};
		013BE77C2598C07D002025F1 /* Shared */ = {
			isa = PBXGroup;
			children = (
				013BE77D2598C07D002025F1 /* FoodTrackerApp.swift */,
				013BE77E2598C07D002025F1 /* ContentView.swift */,
				013BE77F2598C07E002025F1 /* Assets.xcassets */,
			);
			path = Shared;
			sourceTree = "<group>";
		};
		013BE7852598C07E002025F1 /* Products */ = {
			isa = PBXGroup;
			children = (
				013BE7842598C07E002025F1 /* FoodTracker.app */,
				013BE78C2598C07E002025F1 /* FoodTracker.app */,
				013BE7942598C07E002025F1 /* Tests iOS.xctest */,
				013BE79F2598C07E002025F1 /* Tests macOS.xctest */,
			);
			name = Products;
			sourceTree = "<group>";
		};
		013BE7862598C07E002025F1 /* iOS */ = {
			isa = PBXGroup;
			children = (
				013BE7872598C07E002025F1 /* Info.plist */,
			);
			path = iOS;
			sourceTree = "<group>";
		};
		013BE78D2598C07E002025F1 /* macOS */ = {
			isa = PBXGroup;
			children = (
				013BE78E2598C07E002025F1 /* Info.plist */,
				013BE78F2598C07E002025F1 /* macOS.entitlements */,
			);
			path = macOS;
			sourceTree = "<group>";
		};
		013BE7972598C07E002025F1 /* Tests iOS */ = {
			isa = PBXGroup;
			children = (
				013BE7982598C07E002025F1 /* Tests_iOS.swift */,
				013BE79A2598C07E002025F1 /* Info.plist */,
			);
			path = "Tests iOS";
			sourceTree = "<group>";
		};
		013BE7A22598C07E002025F1 /* Tests macOS */ = {
			isa = PBXGroup;
			children = (
				013BE7A32598C07E002025F1 /* Tests_macOS.swift */,
				013BE7A52598C07E002025F1 /* Info.plist */,
			);
			path = "Tests macOS";
			sourceTree = "<group>";
		};
/* End PBXGroup section */

/* Begin PBXNativeTarget section */
		013BE7832598C07E002025F1 /* FoodTracker (iOS) */ = {
			isa = PBXNativeTarget;
			buildConfigurationList = 013BE7AE2598C07E002025F1 /* Build configuration list for PBXNativeTarget "FoodTracker (iOS)" */;
			buildPhases = (
				013BE7802598C07E002025F1 /* Sources */,
				013BE7812598C07E002025F1 /* Frameworks */,
				013BE7822598C07E002025F1 /* Resources */,
			);
			buildRules = (
			);
			dependencies = (
			);
			name = "FoodTracker (iOS)";
			productName = "FoodTracker (iOS)";
			productReference = 013BE7842598C07E002025F1 /* FoodTracker.app */;
			productType = "com.apple.product-type.application";
		};
		013BE78B2598C07E002025F1 /* FoodTracker (macOS) */ = {
			isa = PBXNativeTarget;
			buildConfigurationList = 013BE7B12598C07E002025F1 /* Build configuration list for PBXNativeTarget "FoodTracker (macOS)" */;
			buildPhases = (
				013BE7882598C07E002025F1 /* Sources */,
				013BE7892598C07E002025F1 /* Frameworks */,
				013BE78A2598C07E002025F1 /* Resources */,
			);
			buildRules = (
			);
			dependencies = (
			);
			name = "FoodTracker (macOS)";
			productName = "FoodTracker (macOS)";
			productReference = 013BE78C2598C07E002025F1 /* FoodTracker.app */;
			productType = "com.apple.product-type.application";
		};
		013BE7932598C07E002025F1 /* Tests iOS */ = {
			isa = PBXNativeTarget;
			buildConfigurationList = 013BE7B42598C07E002025F1 /* Build configuration list for PBXNativeTarget "Tests iOS" */;
			buildPhases = (
				013BE7902598C07E002025F1 /* Sources */,
				013BE7912598C07E002025F1 /* Frameworks */,
				013BE7922598C07E002025F1 /* Resources */,
			);
			buildRules = (
			);
			dependencies = (
				013BE7962598C07E002025F1 /* PBXTargetDependency */,
			);
			name = "Tests iOS";
			productName = "Tests iOS";
			productReference = 013BE7942598C07E002025F1 /* Tests iOS.xctest */;
			productType = "com.apple.product-type.bundle.ui-testing";
		};
		013BE79E2598C07E002025F1 /* Tests macOS */ = {
			isa = PBXNativeTarget;
			buildConfigurationList = 013BE7B72598C07E002025F1 /* Build configuration list for PBXNativeTarget "Tests macOS" */;
			buildPhases = (
				013BE79B2598C07E002025F1 /* Sources */,
				013BE79C2598C07E002025F1 /* Frameworks */,
				013BE79D2598C07E002025F1 /* Resources */,
			);
			buildRules = (
			);
			dependencies = (
				013BE7A12598C07E002025F1 /* PBXTargetDependency */,
			);
			name = "Tests macOS";
			productName = "Tests macOS";
			productReference = 013BE79F2598C07E002025F1 /* Tests macOS.xctest */;
			productType = "com.apple.product-type.bundle.ui-testing";
		};
/* End PBXNativeTarget section */

/* Begin PBXProject section */
		013BE7782598C07D002025F1 /* Project object */ = {
			isa = PBXProject;
			attributes = {
				LastSwiftUpdateCheck = 1230;
				LastUpgradeCheck = 1230;
				TargetAttributes = {
					013BE7832598C07E002025F1 = {
						CreatedOnToolsVersion = 12.3;
					};
					013BE78B2598C07E002025F1 = {
						CreatedOnToolsVersion = 12.3;
					};
					013BE7932598C07E002025F1 = {
						CreatedOnToolsVersion = 12.3;
						TestTargetID = 013BE7832598C07E002025F1;
					};
					013BE79E2598C07E002025F1 = {
						CreatedOnToolsVersion = 12.3;
						TestTargetID = 013BE78B2598C07E002025F1;
					};
				};
			};
			buildConfigurationList = 013BE77B2598C07D002025F1 /* Build configuration list for PBXProject "FoodTracker" */;
			compatibilityVersion = "Xcode 9.3";
			developmentRegion = en;
			hasScannedForEncodings = 0;
			knownRegions = (
				en,
				Base,
			);
			mainGroup = 013BE7772598C07D002025F1;
			productRefGroup = 013BE7852598C07E002025F1 /* Products */;
			projectDirPath = "";
			projectRoot = "";
			targets = (
				013BE7832598C07E002025F1 /* FoodTracker (iOS) */,
				013BE78B2598C07E002025F1 /* FoodTracker (macOS) */,
				013BE7932598C07E002025F1 /* Tests iOS */,
				013BE79E2598C07E002025F1 /* Tests macOS */,
			);
		};
/* End PBXProject section */

/* Begin PBXResourcesBuildPhase section */
		013BE7822598C07E002025F1 /* Resources */ = {
			isa = PBXResourcesBuildPhase;
			buildActionMask = 2147483647;
			files = (
				013BE7AA2598C07E002025F1 /* Assets.xcassets in Resources */,
			);
			runOnlyForDeploymentPostprocessing = 0;
		};
		013BE78A2598C07E002025F1 /* Resources */ = {
			isa = PBXResourcesBuildPhase;
			buildActionMask = 2147483647;
			files = (
				013BE7AB2598C07E002025F1 /* Assets.xcassets in Resources */,
			);
			runOnlyForDeploymentPostprocessing = 0;
		};
		013BE7922598C07E002025F1 /* Resources */ = {
			isa = PBXResourcesBuildPhase;
			buildActionMask = 2147483647;
			files = (
			);
			runOnlyForDeploymentPostprocessing = 0;
		};
		013BE79D2598C07E002025F1 /* Resources */ = {
			isa = PBXResourcesBuildPhase;
			buildActionMask = 2147483647;
			files = (
			);
			runOnlyForDeploymentPostprocessing = 0;
		};
/* End PBXResourcesBuildPhase section */

/* Begin PBXSourcesBuildPhase section */
		013BE7802598C07E002025F1 /* Sources */ = {
			isa = PBXSourcesBuildPhase;
			buildActionMask = 2147483647;
			files = (
				013BE7A82598C07E002025F1 /* ContentView.swift in Sources */,
				013BE7A62598C07E002025F1 /* FoodTrackerApp.swift in Sources */,
			);
			runOnlyForDeploymentPostprocessing = 0;
		};
		013BE7882598C07E002025F1 /* Sources */ = {
			isa = PBXSourcesBuildPhase;
			buildActionMask = 2147483647;
			files = (
				013BE7A92598C07E002025F1 /* ContentView.swift in Sources */,
				013BE7A72598C07E002025F1 /* FoodTrackerApp.swift in Sources */,
			);
			runOnlyForDeploymentPostprocessing = 0;
		};
		013BE7902598C07E002025F1 /* Sources */ = {
			isa = PBXSourcesBuildPhase;
			buildActionMask = 2147483647;
			files = (
				013BE7992598C07E002025F1 /* Tests_iOS.swift in Sources */,
			);
			runOnlyForDeploymentPostprocessing = 0;
		};
		013BE79B2598C07E002025F1 /* Sources */ = {
			isa = PBXSourcesBuildPhase;
			buildActionMask = 2147483647;
			files = (
				013BE7A42598C07E002025F1 /* Tests_macOS.swift in Sources */,
			);
			runOnlyForDeploymentPostprocessing = 0;
		};
/* End PBXSourcesBuildPhase section */

/* Begin PBXTargetDependency section */
		013BE7962598C07E002025F1 /* PBXTargetDependency */ = {
			isa = PBXTargetDependency;
			target = 013BE7832598C07E002025F1 /* FoodTracker (iOS) */;
			targetProxy = 013BE7952598C07E002025F1 /* PBXContainerItemProxy */;
		};
		013BE7A12598C07E002025F1 /* PBXTargetDependency */ = {
			isa = PBXTargetDependency;
			target = 013BE78B2598C07E002025F1 /* FoodTracker (macOS) */;
			targetProxy = 013BE7A02598C07E002025F1 /* PBXContainerItemProxy */;
		};
/* End PBXTargetDependency section */

/* Begin XCBuildConfiguration section */
		013BE7AC2598C07E002025F1 /* Debug */ = {
			isa = XCBuildConfiguration;
			buildSettings = {
				ALWAYS_SEARCH_USER_PATHS = NO;
				CLANG_ANALYZER_NONNULL = YES;
				CLANG_ANALYZER_NUMBER_OBJECT_CONVERSION = YES_AGGRESSIVE;
				CLANG_CXX_LANGUAGE_STANDARD = "gnu++14";
				CLANG_CXX_LIBRARY = "libc++";
				CLANG_ENABLE_MODULES = YES;
				CLANG_ENABLE_OBJC_ARC = YES;
				CLANG_ENABLE_OBJC_WEAK = YES;
				CLANG_WARN_BLOCK_CAPTURE_AUTORELEASING = YES;
				CLANG_WARN_BOOL_CONVERSION = YES;
				CLANG_WARN_COMMA = YES;
				CLANG_WARN_CONSTANT_CONVERSION = YES;
				CLANG_WARN_DEPRECATED_OBJC_IMPLEMENTATIONS = YES;
				CLANG_WARN_DIRECT_OBJC_ISA_USAGE = YES_ERROR;
				CLANG_WARN_DOCUMENTATION_COMMENTS = YES;
				CLANG_WARN_EMPTY_BODY = YES;
				CLANG_WARN_ENUM_CONVERSION = YES;
				CLANG_WARN_INFINITE_RECURSION = YES;
				CLANG_WARN_INT_CONVERSION = YES;
				CLANG_WARN_NON_LITERAL_NULL_CONVERSION = YES;
				CLANG_WARN_OBJC_IMPLICIT_RETAIN_SELF = YES;
				CLANG_WARN_OBJC_LITERAL_CONVERSION = YES;
				CLANG_WARN_OBJC_ROOT_CLASS = YES_ERROR;
				CLANG_WARN_QUOTED_INCLUDE_IN_FRAMEWORK_HEADER = YES;
				CLANG_WARN_RANGE_LOOP_ANALYSIS = YES;
				CLANG_WARN_STRICT_PROTOTYPES = YES;
				CLANG_WARN_SUSPICIOUS_MOVE = YES;
				CLANG_WARN_UNGUARDED_AVAILABILITY = YES_AGGRESSIVE;
				CLANG_WARN_UNREACHABLE_CODE = YES;
				CLANG_WARN__DUPLICATE_METHOD_MATCH = YES;
				COPY_PHASE_STRIP = NO;
				DEBUG_INFORMATION_FORMAT = dwarf;
				ENABLE_STRICT_OBJC_MSGSEND = YES;
				ENABLE_TESTABILITY = YES;
				GCC_C_LANGUAGE_STANDARD = gnu11;
				GCC_DYNAMIC_NO_PIC = NO;
				GCC_NO_COMMON_BLOCKS = YES;
				GCC_OPTIMIZATION_LEVEL = 0;
				GCC_PREPROCESSOR_DEFINITIONS = (
					"DEBUG=1",
					"$(inherited)",
				);
				GCC_WARN_64_TO_32_BIT_CONVERSION = YES;
				GCC_WARN_ABOUT_RETURN_TYPE = YES_ERROR;
				GCC_WARN_UNDECLARED_SELECTOR = YES;
				GCC_WARN_UNINITIALIZED_AUTOS = YES_AGGRESSIVE;
				GCC_WARN_UNUSED_FUNCTION = YES;
				GCC_WARN_UNUSED_VARIABLE = YES;
				MTL_ENABLE_DEBUG_INFO = INCLUDE_SOURCE;
				MTL_FAST_MATH = YES;
				ONLY_ACTIVE_ARCH = YES;
				SWIFT_ACTIVE_COMPILATION_CONDITIONS = DEBUG;
				SWIFT_OPTIMIZATION_LEVEL = "-Onone";
			};
			name = Debug;
		};
		013BE7AD2598C07E002025F1 /* Release */ = {
			isa = XCBuildConfiguration;
			buildSettings = {
				ALWAYS_SEARCH_USER_PATHS = NO;
				CLANG_ANALYZER_NONNULL = YES;
				CLANG_ANALYZER_NUMBER_OBJECT_CONVERSION = YES_AGGRESSIVE;
				CLANG_CXX_LANGUAGE_STANDARD = "gnu++14";
				CLANG_CXX_LIBRARY = "libc++";
				CLANG_ENABLE_MODULES = YES;
				CLANG_ENABLE_OBJC_ARC = YES;
				CLANG_ENABLE_OBJC_WEAK = YES;
				CLANG_WARN_BLOCK_CAPTURE_AUTORELEASING = YES;
				CLANG_WARN_BOOL_CONVERSION = YES;
				CLANG_WARN_COMMA = YES;
				CLANG_WARN_CONSTANT_CONVERSION = YES;
				CLANG_WARN_DEPRECATED_OBJC_IMPLEMENTATIONS = YES;
				CLANG_WARN_DIRECT_OBJC_ISA_USAGE = YES_ERROR;
				CLANG_WARN_DOCUMENTATION_COMMENTS = YES;
				CLANG_WARN_EMPTY_BODY = YES;
				CLANG_WARN_ENUM_CONVERSION = YES;
				CLANG_WARN_INFINITE_RECURSION = YES;
				CLANG_WARN_INT_CONVERSION = YES;
				CLANG_WARN_NON_LITERAL_NULL_CONVERSION = YES;
				CLANG_WARN_OBJC_IMPLICIT_RETAIN_SELF = YES;
				CLANG_WARN_OBJC_LITERAL_CONVERSION = YES;
				CLANG_WARN_OBJC_ROOT_CLASS = YES_ERROR;
				CLANG_WARN_QUOTED_INCLUDE_IN_FRAMEWORK_HEADER = YES;
				CLANG_WARN_RANGE_LOOP_ANALYSIS = YES;
				CLANG_WARN_STRICT_PROTOTYPES = YES;
				CLANG_WARN_SUSPICIOUS_MOVE = YES;
				CLANG_WARN_UNGUARDED_AVAILABILITY = YES_AGGRESSIVE;
				CLANG_WARN_UNREACHABLE_CODE = YES;
				CLANG_WARN__DUPLICATE_METHOD_MATCH = YES;
				COPY_PHASE_STRIP = NO;
				DEBUG_INFORMATION_FORMAT = "dwarf-with-dsym";
				ENABLE_NS_ASSERTIONS = NO;
				ENABLE_STRICT_OBJC_MSGSEND = YES;
				GCC_C_LANGUAGE_STANDARD = gnu11;
				GCC_NO_COMMON_BLOCKS = YES;
				GCC_WARN_64_TO_32_BIT_CONVERSION = YES;
				GCC_WARN_ABOUT_RETURN_TYPE = YES_ERROR;
				GCC_WARN_UNDECLARED_SELECTOR = YES;
				GCC_WARN_UNINITIALIZED_AUTOS = YES_AGGRESSIVE;
				GCC_WARN_UNUSED_FUNCTION = YES;
				GCC_WARN_UNUSED_VARIABLE = YES;
				MTL_ENABLE_DEBUG_INFO = NO;
				MTL_FAST_MATH = YES;
				SWIFT_COMPILATION_MODE = wholemodule;
				SWIFT_OPTIMIZATION_LEVEL = "-O";
			};
			name = Release;
		};
		013BE7AF2598C07E002025F1 /* Debug */ = {
			isa = XCBuildConfiguration;
			buildSettings = {
				ASSETCATALOG_COMPILER_APPICON_NAME = AppIcon;
				ASSETCATALOG_COMPILER_GLOBAL_ACCENT_COLOR_NAME = AccentColor;
				CODE_SIGN_STYLE = Automatic;
				DEVELOPMENT_TEAM = BDRYAZ6Z7Y;
				ENABLE_PREVIEWS = YES;
				INFOPLIST_FILE = iOS/Info.plist;
				IPHONEOS_DEPLOYMENT_TARGET = 14.0;
				LD_RUNPATH_SEARCH_PATHS = (
					"$(inherited)",
					"@executable_path/Frameworks",
				);
				PRODUCT_BUNDLE_IDENTIFIER = com.example.FoodTracker;
				PRODUCT_NAME = FoodTracker;
				SDKROOT = iphoneos;
				SWIFT_VERSION = 5.0;
				TARGETED_DEVICE_FAMILY = "1,2";
			};
			name = Debug;
		};
		013BE7B02598C07E002025F1 /* Release */ = {
			isa = XCBuildConfiguration;
			buildSettings = {
				ASSETCATALOG_COMPILER_APPICON_NAME = AppIcon;
				ASSETCATALOG_COMPILER_GLOBAL_ACCENT_COLOR_NAME = AccentColor;
				CODE_SIGN_STYLE = Automatic;
				DEVELOPMENT_TEAM = BDRYAZ6Z7Y;
				ENABLE_PREVIEWS = YES;
				INFOPLIST_FILE = iOS/Info.plist;
				IPHONEOS_DEPLOYMENT_TARGET = 14.0;
				LD_RUNPATH_SEARCH_PATHS = (
					"$(inherited)",
					"@executable_path/Frameworks",
				);
				PRODUCT_BUNDLE_IDENTIFIER = com.example.FoodTracker;
				PRODUCT_NAME = FoodTracker;
				SDKROOT = iphoneos;
				SWIFT_VERSION = 5.0;
				TARGETED_DEVICE_FAMILY = "1,2";
				VALIDATE_PRODUCT = YES;
			};
			name = Release;
		};
		013BE7B22598C07E002025F1 /* Debug */ = {
			isa = XCBuildConfiguration;
			buildSettings = {
				ASSETCATALOG_COMPILER_APPICON_NAME = AppIcon;
				ASSETCATALOG_COMPILER_GLOBAL_ACCENT_COLOR_NAME = AccentColor;
				CODE_SIGN_ENTITLEMENTS = macOS/macOS.entitlements;
				CODE_SIGN_STYLE = Automatic;
				COMBINE_HIDPI_IMAGES = YES;
				DEVELOPMENT_TEAM = BDRYAZ6Z7Y;
				ENABLE_HARDENED_RUNTIME = YES;
				ENABLE_PREVIEWS = YES;
				INFOPLIST_FILE = macOS/Info.plist;
				LD_RUNPATH_SEARCH_PATHS = (
					"$(inherited)",
					"@executable_path/../Frameworks",
				);
				MACOSX_DEPLOYMENT_TARGET = 11.0;
				PRODUCT_BUNDLE_IDENTIFIER = com.example.FoodTracker;
				PRODUCT_NAME = FoodTracker;
				SDKROOT = macosx;
				SWIFT_VERSION = 5.0;
			};
			name = Debug;
		};
		013BE7B32598C07E002025F1 /* Release */ = {
			isa = XCBuildConfiguration;
			buildSettings = {
				ASSETCATALOG_COMPILER_APPICON_NAME = AppIcon;
				ASSETCATALOG_COMPILER_GLOBAL_ACCENT_COLOR_NAME = AccentColor;
				CODE_SIGN_ENTITLEMENTS = macOS/macOS.entitlements;
				CODE_SIGN_STYLE = Automatic;
				COMBINE_HIDPI_IMAGES = YES;
				DEVELOPMENT_TEAM = BDRYAZ6Z7Y;
				ENABLE_HARDENED_RUNTIME = YES;
				ENABLE_PREVIEWS = YES;
				INFOPLIST_FILE = macOS/Info.plist;
				LD_RUNPATH_SEARCH_PATHS = (
					"$(inherited)",
					"@executable_path/../Frameworks",
				);
				MACOSX_DEPLOYMENT_TARGET = 11.0;
				PRODUCT_BUNDLE_IDENTIFIER = com.example.FoodTracker;
				PRODUCT_NAME = FoodTracker;
				SDKROOT = macosx;
				SWIFT_VERSION = 5.0;
			};
			name = Release;
		};
		013BE7B52598C07E002025F1 /* Debug */ = {
			isa = XCBuildConfiguration;
			buildSettings = {
				ALWAYS_EMBED_SWIFT_STANDARD_LIBRARIES = YES;
				CODE_SIGN_STYLE = Automatic;
				DEVELOPMENT_TEAM = BDRYAZ6Z7Y;
				INFOPLIST_FILE = "Tests iOS/Info.plist";
				IPHONEOS_DEPLOYMENT_TARGET = 14.3;
				LD_RUNPATH_SEARCH_PATHS = (
					"$(inherited)",
					"@executable_path/Frameworks",
					"@loader_path/Frameworks",
				);
				PRODUCT_BUNDLE_IDENTIFIER = "com.example.Tests-iOS";
				PRODUCT_NAME = "$(TARGET_NAME)";
				SDKROOT = iphoneos;
				SWIFT_VERSION = 5.0;
				TARGETED_DEVICE_FAMILY = "1,2";
				TEST_TARGET_NAME = "FoodTracker (iOS)";
			};
			name = Debug;
		};
		013BE7B62598C07E002025F1 /* Release */ = {
			isa = XCBuildConfiguration;
			buildSettings = {
				ALWAYS_EMBED_SWIFT_STANDARD_LIBRARIES = YES;
				CODE_SIGN_STYLE = Automatic;
				DEVELOPMENT_TEAM = BDRYAZ6Z7Y;
				INFOPLIST_FILE = "Tests iOS/Info.plist";
				IPHONEOS_DEPLOYMENT_TARGET = 14.3;
				LD_RUNPATH_SEARCH_PATHS = (
					"$(inherited)",
					"@executable_path/Frameworks",
					"@loader_path/Frameworks",
				);
				PRODUCT_BUNDLE_IDENTIFIER = "com.example.Tests-iOS";
				PRODUCT_NAME = "$(TARGET_NAME)";
				SDKROOT = iphoneos;
				SWIFT_VERSION = 5.0;
				TARGETED_DEVICE_FAMILY = "1,2";
				TEST_TARGET_NAME = "FoodTracker (iOS)";
				VALIDATE_PRODUCT = YES;
			};
			name = Release;
		};
		013BE7B82598C07E002025F1 /* Debug */ = {
			isa = XCBuildConfiguration;
			buildSettings = {
				ALWAYS_EMBED_SWIFT_STANDARD_LIBRARIES = YES;
				CODE_SIGN_STYLE = Automatic;
				COMBINE_HIDPI_IMAGES = YES;
				DEVELOPMENT_TEAM = BDRYAZ6Z7Y;
				INFOPLIST_FILE = "Tests macOS/Info.plist";
				LD_RUNPATH_SEARCH_PATHS = (
					"$(inherited)",
					"@executable_path/../Frameworks",
					"@loader_path/../Frameworks",
				);
				MACOSX_DEPLOYMENT_TARGET = 11.0;
				PRODUCT_BUNDLE_IDENTIFIER = "com.example.Tests-macOS";
				PRODUCT_NAME = "$(TARGET_NAME)";
				SDKROOT = macosx;
				SWIFT_VERSION = 5.0;
				TEST_TARGET_NAME = "FoodTracker (macOS)";
			};
			name = Debug;
		};
		013BE7B92598C07E002025F1 /* Release */ = {
			isa = XCBuildConfiguration;
			buildSettings = {
				ALWAYS_EMBED_SWIFT_STANDARD_LIBRARIES = YES;
				CODE_SIGN_STYLE = Automatic;
				COMBINE_HIDPI_IMAGES = YES;
				DEVELOPMENT_TEAM = BDRYAZ6Z7Y;
				INFOPLIST_FILE = "Tests macOS/Info.plist";
				LD_RUNPATH_SEARCH_PATHS = (
					"$(inherited)",
					"@executable_path/../Frameworks",
					"@loader_path/../Frameworks",
				);
				MACOSX_DEPLOYMENT_TARGET = 11.0;
				PRODUCT_BUNDLE_IDENTIFIER = "com.example.Tests-macOS";
				PRODUCT_NAME = "$(TARGET_NAME)";
				SDKROOT = macosx;
				SWIFT_VERSION = 5.0;
				TEST_TARGET_NAME = "FoodTracker (macOS)";
			};
			name = Release;
		};
/* End XCBuildConfiguration section */

/* Begin XCConfigurationList section */
		013BE77B2598C07D002025F1 /* Build configuration list for PBXProject "FoodTracker" */ = {
			isa = XCConfigurationList;
			buildConfigurations = (
				013BE7AC2598C07E002025F1 /* Debug */,
				013BE7AD2598C07E002025F1 /* Release */,
			);
			defaultConfigurationIsVisible = 0;
			defaultConfigurationName = Release;
		};
		013BE7AE2598C07E002025F1 /* Build configuration list for PBXNativeTarget "FoodTracker (iOS)" */ = {
			isa = XCConfigurationList;
			buildConfigurations = (
				013BE7AF2598C07E002025F1 /* Debug */,
				013BE7B02598C07E002025F1 /* Release */,
			);
			defaultConfigurationIsVisible = 0;
			defaultConfigurationName = Release;
		};
		013BE7B12598C07E002025F1 /* Build configuration list for PBXNativeTarget "FoodTracker (macOS)" */ = {
			isa = XCConfigurationList;
			buildConfigurations = (
				013BE7B22598C07E002025F1 /* Debug */,
				013BE7B32598C07E002025F1 /* Release */,
			);
			defaultConfigurationIsVisible = 0;
			defaultConfigurationName = Release;
		};
		013BE7B42598C07E002025F1 /* Build configuration list for PBXNativeTarget "Tests iOS" */ = {
			isa = XCConfigurationList;
			buildConfigurations = (
				013BE7B52598C07E002025F1 /* Debug */,
				013BE7B62598C07E002025F1 /* Release */,
			);
			defaultConfigurationIsVisible = 0;
			defaultConfigurationName = Release;
		};
		013BE7B72598C07E002025F1 /* Build configuration list for PBXNativeTarget "Tests macOS" */ = {
			isa = XCConfigurationList;
			buildConfigurations = (
				013BE7B82598C07E002025F1 /* Debug */,
				013BE7B92598C07E002025F1 /* Release */,
			);
			defaultConfigurationIsVisible = 0;
			defaultConfigurationName = Release;
		};
/* End XCConfigurationList section */
	};
	rootObject = 013BE7782598C07D002025F1 /* Project object */;
}
